
Microsoft Visual Studio Solution File, Format Version 12.00
# Visual Studio 14
VisualStudioVersion = 14.0.24720.0
MinimumVisualStudioVersion = 10.0.40219.1
Project("{FAE04EC0-301F-11D3-BF4B-00C04F79EFBC}") = "T1", "T1\T1.csproj", "{BFAB1E66-D266-46BC-89D2-E1E7BCA34BF5}"
EndProject
Project("{FAE04EC0-301F-11D3-BF4B-00C04F79EFBC}") = "KT2", "KT2\KT2.csproj", "{D71BDBA2-83B2-49A1-AF86-DB8C81D8B189}"
EndProject
Project("{FAE04EC0-301F-11D3-BF4B-00C04F79EFBC}") = "KT3", "KT3\KT3.csproj", "{D6C513C4-167B-4DD2-8EC3-3232320AD1FD}"
EndProject
Global
	GlobalSection(SolutionConfigurationPlatforms) = preSolution
		Debug|Any CPU = Debug|Any CPU
		Release|Any CPU = Release|Any CPU
	EndGlobalSection
	GlobalSection(ProjectConfigurationPlatforms) = postSolution
		{BFAB1E66-D266-46BC-89D2-E1E7BCA34BF5}.Debug|Any CPU.ActiveCfg = Debug|Any CPU
		{BFAB1E66-D266-46BC-89D2-E1E7BCA34BF5}.Debug|Any CPU.Build.0 = Debug|Any CPU
		{BFAB1E66-D266-46BC-89D2-E1E7BCA34BF5}.Release|Any CPU.ActiveCfg = Release|Any CPU
		{BFAB1E66-D266-46BC-89D2-E1E7BCA34BF5}.Release|Any CPU.Build.0 = Release|Any CPU
		{D71BDBA2-83B2-49A1-AF86-DB8C81D8B189}.Debug|Any CPU.ActiveCfg = Debug|Any CPU
		{D71BDBA2-83B2-49A1-AF86-DB8C81D8B189}.Debug|Any CPU.Build.0 = Debug|Any CPU
		{D71BDBA2-83B2-49A1-AF86-DB8C81D8B189}.Release|Any CPU.ActiveCfg = Release|Any CPU
		{D71BDBA2-83B2-49A1-AF86-DB8C81D8B189}.Release|Any CPU.Build.0 = Release|Any CPU
		{D6C513C4-167B-4DD2-8EC3-3232320AD1FD}.Debug|Any CPU.ActiveCfg = Debug|Any CPU
		{D6C513C4-167B-4DD2-8EC3-3232320AD1FD}.Debug|Any CPU.Build.0 = Debug|Any CPU
		{D6C513C4-167B-4DD2-8EC3-3232320AD1FD}.Release|Any CPU.ActiveCfg = Release|Any CPU
		{D6C513C4-167B-4DD2-8EC3-3232320AD1FD}.Release|Any CPU.Build.0 = Release|Any CPU
	EndGlobalSection
	GlobalSection(SolutionProperties) = preSolution
		HideSolutionNode = FALSE
	EndGlobalSection
EndGlobal
